
Microsoft Visual Studio Solution File, Format Version 12.00
# Visual Studio Version 17
VisualStudioVersion = 17.0.31903.59
MinimumVisualStudioVersion = 10.0.40219.1
Project("{9A19103F-16F7-4668-BE54-9A1E7A4F7556}") = "MyThinkBook.Web", "MyThinkBook.Web\MyThinkBook.Web.csproj", "{8D458564-84FC-4910-AAD9-9AF18DD14807}"
EndProject
Project("{9A19103F-16F7-4668-BE54-9A1E7A4F7556}") = "MyThinkBook.Web.Tests", "MyThinkBook.Web.Tests\MyThinkBook.Web.Tests.csproj", "{611C3BB5-5FF9-4336-A256-1592E369F1E9}"
EndProject
Global
	GlobalSection(SolutionConfigurationPlatforms) = preSolution
		Debug|Any CPU = Debug|Any CPU
		Debug|x64 = Debug|x64
		Debug|x86 = Debug|x86
		Release|Any CPU = Release|Any CPU
		Release|x64 = Release|x64
		Release|x86 = Release|x86
	EndGlobalSection
	GlobalSection(ProjectConfigurationPlatforms) = postSolution
		{8D458564-84FC-4910-AAD9-9AF18DD14807}.Debug|Any CPU.ActiveCfg = Debug|Any CPU
		{8D458564-84FC-4910-AAD9-9AF18DD14807}.Debug|Any CPU.Build.0 = Debug|Any CPU
		{8D458564-84FC-4910-AAD9-9AF18DD14807}.Debug|x64.ActiveCfg = Debug|Any CPU
		{8D458564-84FC-4910-AAD9-9AF18DD14807}.Debug|x64.Build.0 = Debug|Any CPU
		{8D458564-84FC-4910-AAD9-9AF18DD14807}.Debug|x86.ActiveCfg = Debug|Any CPU
		{8D458564-84FC-4910-AAD9-9AF18DD14807}.Debug|x86.Build.0 = Debug|Any CPU
		{8D458564-84FC-4910-AAD9-9AF18DD14807}.Release|Any CPU.ActiveCfg = Release|Any CPU
		{8D458564-84FC-4910-AAD9-9AF18DD14807}.Release|Any CPU.Build.0 = Release|Any CPU
		{8D458564-84FC-4910-AAD9-9AF18DD14807}.Release|x64.ActiveCfg = Release|Any CPU
		{8D458564-84FC-4910-AAD9-9AF18DD14807}.Release|x64.Build.0 = Release|Any CPU
		{8D458564-84FC-4910-AAD9-9AF18DD14807}.Release|x86.ActiveCfg = Release|Any CPU
		{8D458564-84FC-4910-AAD9-9AF18DD14807}.Release|x86.Build.0 = Release|Any CPU
		{611C3BB5-5FF9-4336-A256-1592E369F1E9}.Debug|Any CPU.ActiveCfg = Debug|Any CPU
		{611C3BB5-5FF9-4336-A256-1592E369F1E9}.Debug|Any CPU.Build.0 = Debug|Any CPU
		{611C3BB5-5FF9-4336-A256-1592E369F1E9}.Debug|x64.ActiveCfg = Debug|Any CPU
		{611C3BB5-5FF9-4336-A256-1592E369F1E9}.Debug|x64.Build.0 = Debug|Any CPU
		{611C3BB5-5FF9-4336-A256-1592E369F1E9}.Debug|x86.ActiveCfg = Debug|Any CPU
		{611C3BB5-5FF9-4336-A256-1592E369F1E9}.Debug|x86.Build.0 = Debug|Any CPU
		{611C3BB5-5FF9-4336-A256-1592E369F1E9}.Release|Any CPU.ActiveCfg = Release|Any CPU
		{611C3BB5-5FF9-4336-A256-1592E369F1E9}.Release|Any CPU.Build.0 = Release|Any CPU
		{611C3BB5-5FF9-4336-A256-1592E369F1E9}.Release|x64.ActiveCfg = Release|Any CPU
		{611C3BB5-5FF9-4336-A256-1592E369F1E9}.Release|x64.Build.0 = Release|Any CPU
		{611C3BB5-5FF9-4336-A256-1592E369F1E9}.Release|x86.ActiveCfg = Release|Any CPU
		{611C3BB5-5FF9-4336-A256-1592E369F1E9}.Release|x86.Build.0 = Release|Any CPU
	EndGlobalSection
	GlobalSection(SolutionProperties) = preSolution
		HideSolutionNode = FALSE
	EndGlobalSection
	GlobalSection(ExtensibilityGlobals) = postSolution
		SolutionGuid = {9BA28F7B-AFE8-4DB8-A675-BED2C38981C1}
	EndGlobalSection
EndGlobal
